
Microsoft Visual Studio Solution File, Format Version 12.00
# Visual Studio Version 17
VisualStudioVersion = 17.2.32526.322
MinimumVisualStudioVersion = 10.0.40219.1
Project("{FAE04EC0-301F-11D3-BF4B-00C04F79EFBC}") = "Registration_Page", "Registration_Page\Registration_Page.csproj", "{439BE1E5-5E0C-4451-8D1E-F4E07DF4120C}"
EndProject
Global
	GlobalSection(SolutionConfigurationPlatforms) = preSolution
		Debug|Any CPU = Debug|Any CPU
		Release|Any CPU = Release|Any CPU
	EndGlobalSection
	GlobalSection(ProjectConfigurationPlatforms) = postSolution
		{439BE1E5-5E0C-4451-8D1E-F4E07DF4120C}.Debug|Any CPU.ActiveCfg = Debug|Any CPU
		{439BE1E5-5E0C-4451-8D1E-F4E07DF4120C}.Debug|Any CPU.Build.0 = Debug|Any CPU
		{439BE1E5-5E0C-4451-8D1E-F4E07DF4120C}.Release|Any CPU.ActiveCfg = Release|Any CPU
		{439BE1E5-5E0C-4451-8D1E-F4E07DF4120C}.Release|Any CPU.Build.0 = Release|Any CPU
	EndGlobalSection
	GlobalSection(SolutionProperties) = preSolution
		HideSolutionNode = FALSE
	EndGlobalSection
	GlobalSection(ExtensibilityGlobals) = postSolution
		SolutionGuid = {DD0CF46D-0693-4C8B-8D0B-25C16EC50D95}
	EndGlobalSection
EndGlobal
